
Microsoft Visual Studio Solution File, Format Version 12.00
# Visual Studio 15
VisualStudioVersion = 15.0.28307.852
MinimumVisualStudioVersion = 10.0.40219.1
Project("{2150E333-8FDC-42A3-9474-1A3956D46DE8}") = "src", "src", "{AB02A0CD-DE3F-4BDD-A170-2A4398E5BC6B}"
EndProject
Project("{2150E333-8FDC-42A3-9474-1A3956D46DE8}") = "doc", "doc", "{88FA58F5-03A8-4EC2-95DB-341242F65E76}"
EndProject
Project("{2150E333-8FDC-42A3-9474-1A3956D46DE8}") = "test", "test", "{A02F354A-C212-497B-9779-C61557706933}"
	ProjectSection(SolutionItems) = preProject
		AuthService\Auth.Infrastructure\Config.cs = AuthService\Auth.Infrastructure\Config.cs
	EndProjectSection
EndProject
Project("{2150E333-8FDC-42A3-9474-1A3956D46DE8}") = "AuthService", "AuthService", "{6C26C03F-49BC-41D8-991D-B1E55EEB0729}"
EndProject
Project("{9A19103F-16F7-4668-BE54-9A1E7A4F7556}") = "Auth.Api", "AuthService\Auth.Api\Auth.Api.csproj", "{E5D7DCA3-5DE3-4F5D-8E6F-D85BA8498FEA}"
EndProject
Project("{9A19103F-16F7-4668-BE54-9A1E7A4F7556}") = "Auth.Application", "AuthService\Auth.Application\Auth.Application.csproj", "{9946DCC7-535C-4975-A03B-C4B59E7F0EF7}"
EndProject
Project("{9A19103F-16F7-4668-BE54-9A1E7A4F7556}") = "Auth.Data", "AuthService\Auth.Data\Auth.Data.csproj", "{20981CF1-06E5-4F54-BA99-BF48A61EA539}"
EndProject
Project("{9A19103F-16F7-4668-BE54-9A1E7A4F7556}") = "Auth.Domain", "AuthService\Auth.Domain\Auth.Domain.csproj", "{4037F01F-C868-4CB6-8E04-3D97CDD3B06A}"
EndProject
Project("{9A19103F-16F7-4668-BE54-9A1E7A4F7556}") = "Auth.Infrastructure", "AuthService\Auth.Infrastructure\Auth.Infrastructure.csproj", "{60684943-ECA4-4451-AD96-F855005FB017}"
EndProject
Project("{2150E333-8FDC-42A3-9474-1A3956D46DE8}") = "CMISService", "CMISService", "{767FDD35-FF06-46A1-90A7-49332B19C928}"
EndProject
Project("{9A19103F-16F7-4668-BE54-9A1E7A4F7556}") = "CMIS.API", "CMIS\CMIS.API\CMIS.API.csproj", "{7586DCBF-78B6-497F-8E01-53B54AF17816}"
EndProject
Project("{9A19103F-16F7-4668-BE54-9A1E7A4F7556}") = "Cmis.Application", "CMIS\Cmis.Application\Cmis.Application.csproj", "{828078DB-BF0A-4EF1-8E48-7E45C23BAC0E}"
EndProject
Project("{9A19103F-16F7-4668-BE54-9A1E7A4F7556}") = "CMIS.Common", "CMIS\CMIS.Common\CMIS.Common.csproj", "{45A710BA-E11A-4A95-A823-1353A21D584E}"
EndProject
Project("{9A19103F-16F7-4668-BE54-9A1E7A4F7556}") = "CMIS.Data", "CMIS\CMIS.Data\CMIS.Data.csproj", "{40FA502E-93DE-479C-8E70-E1ECCB88F1A6}"
EndProject
Project("{9A19103F-16F7-4668-BE54-9A1E7A4F7556}") = "CMIS.Domain", "CMIS\CMIS.Domain\CMIS.Domain.csproj", "{48B38EC6-73FA-4D7B-B260-CA8CB144C2D7}"
EndProject
Project("{9A19103F-16F7-4668-BE54-9A1E7A4F7556}") = "CMIS.Infrastructure", "CMIS\CMIS.Infrastructure\CMIS.Infrastructure.csproj", "{A1B04FC1-5EFB-4BCE-AC73-B159CCF8D7E1}"
EndProject
Project("{2150E333-8FDC-42A3-9474-1A3956D46DE8}") = "AdvancedSearchService", "AdvancedSearchService", "{8647500C-20F9-4974-B14C-4907EC54594A}"
EndProject
Project("{9A19103F-16F7-4668-BE54-9A1E7A4F7556}") = "AdvancedSearch.API", "AdvancedSearchService\AdvancedSearch.API\AdvancedSearch.API.csproj", "{7A816D56-6C83-48C9-A1A2-CFBD12790769}"
EndProject
Project("{9A19103F-16F7-4668-BE54-9A1E7A4F7556}") = "AdvancedSearch.Application", "AdvancedSearchService\AdvancedSearch.Application\AdvancedSearch.Application.csproj", "{5B5780B5-5836-4BD3-A76A-DDAEB88F550D}"
EndProject
Project("{9A19103F-16F7-4668-BE54-9A1E7A4F7556}") = "AdvancedSearch.Data", "AdvancedSearchService\AdvancedSearch.data\AdvancedSearch.Data.csproj", "{79F9211E-52F1-4DBC-AC09-15341FDAAD1C}"
EndProject
Project("{9A19103F-16F7-4668-BE54-9A1E7A4F7556}") = "AdvancedSearch.Domain", "AdvancedSearchService\AdvancedSearch.Domain\AdvancedSearch.Domain.csproj", "{344431E8-6335-425A-BBC9-F987997B20CB}"
EndProject
Project("{9A19103F-16F7-4668-BE54-9A1E7A4F7556}") = "AdvancedSearch.Infrastructure", "AdvancedSearchService\AdvancedSearch.Infrastructure\AdvancedSearch.Infrastructure.csproj", "{D3B657A3-6FC5-4E1F-9B55-E4DF6A39D82C}"
EndProject
Project("{2150E333-8FDC-42A3-9474-1A3956D46DE8}") = "ShearedLib", "ShearedLib", "{5A767EC1-926C-41A2-8028-AC2E36F2C034}"
EndProject
Project("{2150E333-8FDC-42A3-9474-1A3956D46DE8}") = "AdoNetLib", "AdoNetLib", "{9C95532F-C6F0-4E44-B7A5-644BB0A33797}"
EndProject
Project("{2150E333-8FDC-42A3-9474-1A3956D46DE8}") = "CmisSwagger", "CmisSwagger", "{2E4E8606-1BBB-4F05-8120-91D74810D373}"
EndProject
Project("{2150E333-8FDC-42A3-9474-1A3956D46DE8}") = "CmisUtilty", "CmisUtilty", "{CE6BDFC3-716E-4F23-A6DD-0042D353A667}"
EndProject
Project("{9A19103F-16F7-4668-BE54-9A1E7A4F7556}") = "AdoNetFramework", "AdoNetLib\AdoNetFramework.csproj", "{10E525BB-F372-4468-B199-D218F9A6AB76}"
EndProject
Project("{9A19103F-16F7-4668-BE54-9A1E7A4F7556}") = "CMISSWAGGER", "CMISSWAGGER\CMISSWAGGER\CMISSWAGGER.csproj", "{62C88BB7-2415-42A9-B427-487AA558CFF8}"
EndProject
Project("{9A19103F-16F7-4668-BE54-9A1E7A4F7556}") = "CMISUTILITY", "CMISUTILITY\CMISUTILITY\CMISUTILITY.csproj", "{1582871B-D4B7-401C-ADB9-0AF664B70AB8}"
EndProject
Global
	GlobalSection(SolutionConfigurationPlatforms) = preSolution
		Debug|Any CPU = Debug|Any CPU
		Release|Any CPU = Release|Any CPU
	EndGlobalSection
	GlobalSection(ProjectConfigurationPlatforms) = postSolution
		{E5D7DCA3-5DE3-4F5D-8E6F-D85BA8498FEA}.Debug|Any CPU.ActiveCfg = Debug|Any CPU
		{E5D7DCA3-5DE3-4F5D-8E6F-D85BA8498FEA}.Debug|Any CPU.Build.0 = Debug|Any CPU
		{E5D7DCA3-5DE3-4F5D-8E6F-D85BA8498FEA}.Release|Any CPU.ActiveCfg = Release|Any CPU
		{E5D7DCA3-5DE3-4F5D-8E6F-D85BA8498FEA}.Release|Any CPU.Build.0 = Release|Any CPU
		{9946DCC7-535C-4975-A03B-C4B59E7F0EF7}.Debug|Any CPU.ActiveCfg = Debug|Any CPU
		{9946DCC7-535C-4975-A03B-C4B59E7F0EF7}.Debug|Any CPU.Build.0 = Debug|Any CPU
		{9946DCC7-535C-4975-A03B-C4B59E7F0EF7}.Release|Any CPU.ActiveCfg = Release|Any CPU
		{9946DCC7-535C-4975-A03B-C4B59E7F0EF7}.Release|Any CPU.Build.0 = Release|Any CPU
		{20981CF1-06E5-4F54-BA99-BF48A61EA539}.Debug|Any CPU.ActiveCfg = Debug|Any CPU
		{20981CF1-06E5-4F54-BA99-BF48A61EA539}.Debug|Any CPU.Build.0 = Debug|Any CPU
		{20981CF1-06E5-4F54-BA99-BF48A61EA539}.Release|Any CPU.ActiveCfg = Release|Any CPU
		{20981CF1-06E5-4F54-BA99-BF48A61EA539}.Release|Any CPU.Build.0 = Release|Any CPU
		{4037F01F-C868-4CB6-8E04-3D97CDD3B06A}.Debug|Any CPU.ActiveCfg = Debug|Any CPU
		{4037F01F-C868-4CB6-8E04-3D97CDD3B06A}.Debug|Any CPU.Build.0 = Debug|Any CPU
		{4037F01F-C868-4CB6-8E04-3D97CDD3B06A}.Release|Any CPU.ActiveCfg = Release|Any CPU
		{4037F01F-C868-4CB6-8E04-3D97CDD3B06A}.Release|Any CPU.Build.0 = Release|Any CPU
		{60684943-ECA4-4451-AD96-F855005FB017}.Debug|Any CPU.ActiveCfg = Debug|Any CPU
		{60684943-ECA4-4451-AD96-F855005FB017}.Debug|Any CPU.Build.0 = Debug|Any CPU
		{60684943-ECA4-4451-AD96-F855005FB017}.Release|Any CPU.ActiveCfg = Release|Any CPU
		{60684943-ECA4-4451-AD96-F855005FB017}.Release|Any CPU.Build.0 = Release|Any CPU
		{7586DCBF-78B6-497F-8E01-53B54AF17816}.Debug|Any CPU.ActiveCfg = Debug|Any CPU
		{7586DCBF-78B6-497F-8E01-53B54AF17816}.Debug|Any CPU.Build.0 = Debug|Any CPU
		{7586DCBF-78B6-497F-8E01-53B54AF17816}.Release|Any CPU.ActiveCfg = Release|Any CPU
		{7586DCBF-78B6-497F-8E01-53B54AF17816}.Release|Any CPU.Build.0 = Release|Any CPU
		{828078DB-BF0A-4EF1-8E48-7E45C23BAC0E}.Debug|Any CPU.ActiveCfg = Debug|Any CPU
		{828078DB-BF0A-4EF1-8E48-7E45C23BAC0E}.Debug|Any CPU.Build.0 = Debug|Any CPU
		{828078DB-BF0A-4EF1-8E48-7E45C23BAC0E}.Release|Any CPU.ActiveCfg = Release|Any CPU
		{828078DB-BF0A-4EF1-8E48-7E45C23BAC0E}.Release|Any CPU.Build.0 = Release|Any CPU
		{45A710BA-E11A-4A95-A823-1353A21D584E}.Debug|Any CPU.ActiveCfg = Debug|Any CPU
		{45A710BA-E11A-4A95-A823-1353A21D584E}.Debug|Any CPU.Build.0 = Debug|Any CPU
		{45A710BA-E11A-4A95-A823-1353A21D584E}.Release|Any CPU.ActiveCfg = Release|Any CPU
		{45A710BA-E11A-4A95-A823-1353A21D584E}.Release|Any CPU.Build.0 = Release|Any CPU
		{40FA502E-93DE-479C-8E70-E1ECCB88F1A6}.Debug|Any CPU.ActiveCfg = Debug|Any CPU
		{40FA502E-93DE-479C-8E70-E1ECCB88F1A6}.Debug|Any CPU.Build.0 = Debug|Any CPU
		{40FA502E-93DE-479C-8E70-E1ECCB88F1A6}.Release|Any CPU.ActiveCfg = Release|Any CPU
		{40FA502E-93DE-479C-8E70-E1ECCB88F1A6}.Release|Any CPU.Build.0 = Release|Any CPU
		{48B38EC6-73FA-4D7B-B260-CA8CB144C2D7}.Debug|Any CPU.ActiveCfg = Debug|Any CPU
		{48B38EC6-73FA-4D7B-B260-CA8CB144C2D7}.Debug|Any CPU.Build.0 = Debug|Any CPU
		{48B38EC6-73FA-4D7B-B260-CA8CB144C2D7}.Release|Any CPU.ActiveCfg = Release|Any CPU
		{48B38EC6-73FA-4D7B-B260-CA8CB144C2D7}.Release|Any CPU.Build.0 = Release|Any CPU
		{A1B04FC1-5EFB-4BCE-AC73-B159CCF8D7E1}.Debug|Any CPU.ActiveCfg = Debug|Any CPU
		{A1B04FC1-5EFB-4BCE-AC73-B159CCF8D7E1}.Debug|Any CPU.Build.0 = Debug|Any CPU
		{A1B04FC1-5EFB-4BCE-AC73-B159CCF8D7E1}.Release|Any CPU.ActiveCfg = Release|Any CPU
		{A1B04FC1-5EFB-4BCE-AC73-B159CCF8D7E1}.Release|Any CPU.Build.0 = Release|Any CPU
		{7A816D56-6C83-48C9-A1A2-CFBD12790769}.Debug|Any CPU.ActiveCfg = Debug|Any CPU
		{7A816D56-6C83-48C9-A1A2-CFBD12790769}.Debug|Any CPU.Build.0 = Debug|Any CPU
		{7A816D56-6C83-48C9-A1A2-CFBD12790769}.Release|Any CPU.ActiveCfg = Release|Any CPU
		{7A816D56-6C83-48C9-A1A2-CFBD12790769}.Release|Any CPU.Build.0 = Release|Any CPU
		{5B5780B5-5836-4BD3-A76A-DDAEB88F550D}.Debug|Any CPU.ActiveCfg = Debug|Any CPU
		{5B5780B5-5836-4BD3-A76A-DDAEB88F550D}.Debug|Any CPU.Build.0 = Debug|Any CPU
		{5B5780B5-5836-4BD3-A76A-DDAEB88F550D}.Release|Any CPU.ActiveCfg = Release|Any CPU
		{5B5780B5-5836-4BD3-A76A-DDAEB88F550D}.Release|Any CPU.Build.0 = Release|Any CPU
		{79F9211E-52F1-4DBC-AC09-15341FDAAD1C}.Debug|Any CPU.ActiveCfg = Debug|Any CPU
		{79F9211E-52F1-4DBC-AC09-15341FDAAD1C}.Debug|Any CPU.Build.0 = Debug|Any CPU
		{79F9211E-52F1-4DBC-AC09-15341FDAAD1C}.Release|Any CPU.ActiveCfg = Release|Any CPU
		{79F9211E-52F1-4DBC-AC09-15341FDAAD1C}.Release|Any CPU.Build.0 = Release|Any CPU
		{344431E8-6335-425A-BBC9-F987997B20CB}.Debug|Any CPU.ActiveCfg = Debug|Any CPU
		{344431E8-6335-425A-BBC9-F987997B20CB}.Debug|Any CPU.Build.0 = Debug|Any CPU
		{344431E8-6335-425A-BBC9-F987997B20CB}.Release|Any CPU.ActiveCfg = Release|Any CPU
		{344431E8-6335-425A-BBC9-F987997B20CB}.Release|Any CPU.Build.0 = Release|Any CPU
		{D3B657A3-6FC5-4E1F-9B55-E4DF6A39D82C}.Debug|Any CPU.ActiveCfg = Debug|Any CPU
		{D3B657A3-6FC5-4E1F-9B55-E4DF6A39D82C}.Debug|Any CPU.Build.0 = Debug|Any CPU
		{D3B657A3-6FC5-4E1F-9B55-E4DF6A39D82C}.Release|Any CPU.ActiveCfg = Release|Any CPU
		{D3B657A3-6FC5-4E1F-9B55-E4DF6A39D82C}.Release|Any CPU.Build.0 = Release|Any CPU
		{10E525BB-F372-4468-B199-D218F9A6AB76}.Debug|Any CPU.ActiveCfg = Debug|Any CPU
		{10E525BB-F372-4468-B199-D218F9A6AB76}.Debug|Any CPU.Build.0 = Debug|Any CPU
		{10E525BB-F372-4468-B199-D218F9A6AB76}.Release|Any CPU.ActiveCfg = Release|Any CPU
		{10E525BB-F372-4468-B199-D218F9A6AB76}.Release|Any CPU.Build.0 = Release|Any CPU
		{62C88BB7-2415-42A9-B427-487AA558CFF8}.Debug|Any CPU.ActiveCfg = Debug|Any CPU
		{62C88BB7-2415-42A9-B427-487AA558CFF8}.Debug|Any CPU.Build.0 = Debug|Any CPU
		{62C88BB7-2415-42A9-B427-487AA558CFF8}.Release|Any CPU.ActiveCfg = Release|Any CPU
		{62C88BB7-2415-42A9-B427-487AA558CFF8}.Release|Any CPU.Build.0 = Release|Any CPU
		{1582871B-D4B7-401C-ADB9-0AF664B70AB8}.Debug|Any CPU.ActiveCfg = Debug|Any CPU
		{1582871B-D4B7-401C-ADB9-0AF664B70AB8}.Debug|Any CPU.Build.0 = Debug|Any CPU
		{1582871B-D4B7-401C-ADB9-0AF664B70AB8}.Release|Any CPU.ActiveCfg = Release|Any CPU
		{1582871B-D4B7-401C-ADB9-0AF664B70AB8}.Release|Any CPU.Build.0 = Release|Any CPU
	EndGlobalSection
	GlobalSection(SolutionProperties) = preSolution
		HideSolutionNode = FALSE
	EndGlobalSection
	GlobalSection(NestedProjects) = preSolution
		{6C26C03F-49BC-41D8-991D-B1E55EEB0729} = {AB02A0CD-DE3F-4BDD-A170-2A4398E5BC6B}
		{E5D7DCA3-5DE3-4F5D-8E6F-D85BA8498FEA} = {6C26C03F-49BC-41D8-991D-B1E55EEB0729}
		{9946DCC7-535C-4975-A03B-C4B59E7F0EF7} = {6C26C03F-49BC-41D8-991D-B1E55EEB0729}
		{20981CF1-06E5-4F54-BA99-BF48A61EA539} = {6C26C03F-49BC-41D8-991D-B1E55EEB0729}
		{4037F01F-C868-4CB6-8E04-3D97CDD3B06A} = {6C26C03F-49BC-41D8-991D-B1E55EEB0729}
		{60684943-ECA4-4451-AD96-F855005FB017} = {6C26C03F-49BC-41D8-991D-B1E55EEB0729}
		{767FDD35-FF06-46A1-90A7-49332B19C928} = {AB02A0CD-DE3F-4BDD-A170-2A4398E5BC6B}
		{7586DCBF-78B6-497F-8E01-53B54AF17816} = {767FDD35-FF06-46A1-90A7-49332B19C928}
		{828078DB-BF0A-4EF1-8E48-7E45C23BAC0E} = {767FDD35-FF06-46A1-90A7-49332B19C928}
		{45A710BA-E11A-4A95-A823-1353A21D584E} = {767FDD35-FF06-46A1-90A7-49332B19C928}
		{40FA502E-93DE-479C-8E70-E1ECCB88F1A6} = {767FDD35-FF06-46A1-90A7-49332B19C928}
		{48B38EC6-73FA-4D7B-B260-CA8CB144C2D7} = {767FDD35-FF06-46A1-90A7-49332B19C928}
		{A1B04FC1-5EFB-4BCE-AC73-B159CCF8D7E1} = {767FDD35-FF06-46A1-90A7-49332B19C928}
		{8647500C-20F9-4974-B14C-4907EC54594A} = {AB02A0CD-DE3F-4BDD-A170-2A4398E5BC6B}
		{7A816D56-6C83-48C9-A1A2-CFBD12790769} = {8647500C-20F9-4974-B14C-4907EC54594A}
		{5B5780B5-5836-4BD3-A76A-DDAEB88F550D} = {8647500C-20F9-4974-B14C-4907EC54594A}
		{79F9211E-52F1-4DBC-AC09-15341FDAAD1C} = {8647500C-20F9-4974-B14C-4907EC54594A}
		{344431E8-6335-425A-BBC9-F987997B20CB} = {8647500C-20F9-4974-B14C-4907EC54594A}
		{D3B657A3-6FC5-4E1F-9B55-E4DF6A39D82C} = {8647500C-20F9-4974-B14C-4907EC54594A}
		{5A767EC1-926C-41A2-8028-AC2E36F2C034} = {AB02A0CD-DE3F-4BDD-A170-2A4398E5BC6B}
		{9C95532F-C6F0-4E44-B7A5-644BB0A33797} = {5A767EC1-926C-41A2-8028-AC2E36F2C034}
		{2E4E8606-1BBB-4F05-8120-91D74810D373} = {5A767EC1-926C-41A2-8028-AC2E36F2C034}
		{CE6BDFC3-716E-4F23-A6DD-0042D353A667} = {5A767EC1-926C-41A2-8028-AC2E36F2C034}
		{10E525BB-F372-4468-B199-D218F9A6AB76} = {9C95532F-C6F0-4E44-B7A5-644BB0A33797}
		{62C88BB7-2415-42A9-B427-487AA558CFF8} = {2E4E8606-1BBB-4F05-8120-91D74810D373}
		{1582871B-D4B7-401C-ADB9-0AF664B70AB8} = {CE6BDFC3-716E-4F23-A6DD-0042D353A667}
	EndGlobalSection
	GlobalSection(ExtensibilityGlobals) = postSolution
		SolutionGuid = {C3077AC2-784E-49A5-8339-8B2CB75D4902}
	EndGlobalSection
EndGlobal
